# This file is automatically @generated by Cargo.
# It is not intended for manual editing.
version = 3

[[package]]
name = "dw2003"
version = "0.1.0"
dependencies = [
 "psx",
]

[[package]]
name = "psx"
version = "0.1.6"
source = "registry+https://github.com/rust-lang/crates.io-index"
checksum = "47204f4a0c027798cd54dfa8ae34a3ce0d9fa0e2f59de7403f0c0a5e404e3198"
