# This file is automatically @generated by Cargo.
# It is not intended for manual editing.
version = 3

[[package]]
name = "dw2003_exe"
version = "0.1.0"
dependencies = [
 "dw2003_exe_data",
 "dw2003_exe_digimon_profiles",
 "dw2003_exe_lba",
 "util",
]

[[package]]
name = "dw2003_exe_data"
version = "0.1.0"
dependencies = [
 "util",
]

[[package]]
name = "dw2003_exe_digimon_profiles"
version = "0.1.0"
dependencies = [
 "util",
]

[[package]]
name = "dw2003_exe_lba"
version = "0.1.0"
dependencies = [
 "util",
]

[[package]]
name = "dw2003_pro_fieldstg"
version = "0.1.0"
dependencies = [
 "types",
 "util",
]

[[package]]
name = "dw2003_pro_sdigiedt"
version = "0.1.0"
dependencies = [
 "types",
 "util",
]

[[package]]
name = "dw2003_pro_stfgtrep"
version = "0.1.0"
dependencies = [
 "types",
 "util",
]

[[package]]
name = "dw2003_pro_stgtrain"
version = "0.1.0"
dependencies = [
 "util",
]

[[package]]
name = "dw2003_pro_stitshop"
version = "0.1.0"
dependencies = [
 "types",
 "util",
]

[[package]]
name = "types"
version = "0.1.0"

[[package]]
name = "util"
version = "0.1.0"
